
Microsoft Visual Studio Solution File, Format Version 12.00
Project("{FAE04EC0-301F-11D3-BF4B-00C04F79EFBC}") = "Ehu.UiTests", "Ehu.UiTests\Ehu.UiTests.csproj", "{240B8619-4FB9-49B4-94E2-6E3B5E04B38D}"
EndProject
Project("{FAE04EC0-301F-11D3-BF4B-00C04F79EFBC}") = "Ehu.UiTests.XUnit", "Ehu.UiTests.XUnit\Ehu.UiTests.XUnit.csproj", "{42A7C381-21AA-48F9-9F1D-0D7D63973EC5}"
EndProject
Project("{FAE04EC0-301F-11D3-BF4B-00C04F79EFBC}") = "Ehu.UiTests.Core", "Ehu.UiTests.Core\Ehu.UiTests.Core.csproj", "{65D36317-2EC6-49FC-B263-D1DD470D9606}"
EndProject
Global
	GlobalSection(SolutionConfigurationPlatforms) = preSolution
		Debug|Any CPU = Debug|Any CPU
		Debug|x64 = Debug|x64
		Debug|x86 = Debug|x86
		Release|Any CPU = Release|Any CPU
		Release|x64 = Release|x64
		Release|x86 = Release|x86
	EndGlobalSection
	GlobalSection(ProjectConfigurationPlatforms) = postSolution
		{240B8619-4FB9-49B4-94E2-6E3B5E04B38D}.Debug|Any CPU.ActiveCfg = Debug|Any CPU
		{240B8619-4FB9-49B4-94E2-6E3B5E04B38D}.Debug|Any CPU.Build.0 = Debug|Any CPU
		{240B8619-4FB9-49B4-94E2-6E3B5E04B38D}.Debug|x64.ActiveCfg = Debug|Any CPU
		{240B8619-4FB9-49B4-94E2-6E3B5E04B38D}.Debug|x64.Build.0 = Debug|Any CPU
		{240B8619-4FB9-49B4-94E2-6E3B5E04B38D}.Debug|x86.ActiveCfg = Debug|Any CPU
		{240B8619-4FB9-49B4-94E2-6E3B5E04B38D}.Debug|x86.Build.0 = Debug|Any CPU
		{240B8619-4FB9-49B4-94E2-6E3B5E04B38D}.Release|Any CPU.ActiveCfg = Release|Any CPU
		{240B8619-4FB9-49B4-94E2-6E3B5E04B38D}.Release|Any CPU.Build.0 = Release|Any CPU
		{240B8619-4FB9-49B4-94E2-6E3B5E04B38D}.Release|x64.ActiveCfg = Release|Any CPU
		{240B8619-4FB9-49B4-94E2-6E3B5E04B38D}.Release|x64.Build.0 = Release|Any CPU
		{240B8619-4FB9-49B4-94E2-6E3B5E04B38D}.Release|x86.ActiveCfg = Release|Any CPU
		{240B8619-4FB9-49B4-94E2-6E3B5E04B38D}.Release|x86.Build.0 = Release|Any CPU
		{42A7C381-21AA-48F9-9F1D-0D7D63973EC5}.Debug|Any CPU.ActiveCfg = Debug|Any CPU
		{42A7C381-21AA-48F9-9F1D-0D7D63973EC5}.Debug|Any CPU.Build.0 = Debug|Any CPU
		{42A7C381-21AA-48F9-9F1D-0D7D63973EC5}.Debug|x64.ActiveCfg = Debug|Any CPU
		{42A7C381-21AA-48F9-9F1D-0D7D63973EC5}.Debug|x64.Build.0 = Debug|Any CPU
		{42A7C381-21AA-48F9-9F1D-0D7D63973EC5}.Debug|x86.ActiveCfg = Debug|Any CPU
		{42A7C381-21AA-48F9-9F1D-0D7D63973EC5}.Debug|x86.Build.0 = Debug|Any CPU
		{42A7C381-21AA-48F9-9F1D-0D7D63973EC5}.Release|Any CPU.ActiveCfg = Release|Any CPU
		{42A7C381-21AA-48F9-9F1D-0D7D63973EC5}.Release|Any CPU.Build.0 = Release|Any CPU
		{42A7C381-21AA-48F9-9F1D-0D7D63973EC5}.Release|x64.ActiveCfg = Release|Any CPU
		{42A7C381-21AA-48F9-9F1D-0D7D63973EC5}.Release|x64.Build.0 = Release|Any CPU
		{42A7C381-21AA-48F9-9F1D-0D7D63973EC5}.Release|x86.ActiveCfg = Release|Any CPU
		{42A7C381-21AA-48F9-9F1D-0D7D63973EC5}.Release|x86.Build.0 = Release|Any CPU
		{65D36317-2EC6-49FC-B263-D1DD470D9606}.Debug|Any CPU.ActiveCfg = Debug|Any CPU
		{65D36317-2EC6-49FC-B263-D1DD470D9606}.Debug|Any CPU.Build.0 = Debug|Any CPU
		{65D36317-2EC6-49FC-B263-D1DD470D9606}.Debug|x64.ActiveCfg = Debug|Any CPU
		{65D36317-2EC6-49FC-B263-D1DD470D9606}.Debug|x64.Build.0 = Debug|Any CPU
		{65D36317-2EC6-49FC-B263-D1DD470D9606}.Debug|x86.ActiveCfg = Debug|Any CPU
		{65D36317-2EC6-49FC-B263-D1DD470D9606}.Debug|x86.Build.0 = Debug|Any CPU
		{65D36317-2EC6-49FC-B263-D1DD470D9606}.Release|Any CPU.ActiveCfg = Release|Any CPU
		{65D36317-2EC6-49FC-B263-D1DD470D9606}.Release|Any CPU.Build.0 = Release|Any CPU
		{65D36317-2EC6-49FC-B263-D1DD470D9606}.Release|x64.ActiveCfg = Release|Any CPU
		{65D36317-2EC6-49FC-B263-D1DD470D9606}.Release|x64.Build.0 = Release|Any CPU
		{65D36317-2EC6-49FC-B263-D1DD470D9606}.Release|x86.ActiveCfg = Release|Any CPU
		{65D36317-2EC6-49FC-B263-D1DD470D9606}.Release|x86.Build.0 = Release|Any CPU
	EndGlobalSection
	GlobalSection(SolutionProperties) = preSolution
		HideSolutionNode = FALSE
	EndGlobalSection
EndGlobal
